
Microsoft Visual Studio Solution File, Format Version 12.00
# Visual Studio 15
VisualStudioVersion = 15.0.28307.489
MinimumVisualStudioVersion = 10.0.40219.1
Project("{8BC9CEB8-8B4A-11D0-8D11-00A0C91BC942}") = "helloworld", "helloworld\helloworld.vcxproj", "{EEBF07C0-E0C3-4BDE-AAF0-DE61A918A89F}"
	ProjectSection(ProjectDependencies) = postProject
		{184444FF-3091-47AF-9E48-5D8081382881} = {184444FF-3091-47AF-9E48-5D8081382881}
	EndProjectSection
EndProject
Project("{8BC9CEB8-8B4A-11D0-8D11-00A0C91BC942}") = "engine", "engine\engine.vcxproj", "{184444FF-3091-47AF-9E48-5D8081382881}"
EndProject
Project("{8BC9CEB8-8B4A-11D0-8D11-00A0C91BC942}") = "wengine", "wengine\wengine.vcxproj", "{4D049E6A-8806-49DD-AA69-F5F48256F93E}"
EndProject
Project("{8BC9CEB8-8B4A-11D0-8D11-00A0C91BC942}") = "whelloworld", "whelloworld\whelloworld.vcxproj", "{DDB43888-188E-4173-9EA8-19CE76015B52}"
EndProject
Global
	GlobalSection(SolutionConfigurationPlatforms) = preSolution
		Debug|ARM = Debug|ARM
		Debug|ARM64 = Debug|ARM64
		Debug|x64 = Debug|x64
		Debug|x86 = Debug|x86
		Release|ARM = Release|ARM
		Release|ARM64 = Release|ARM64
		Release|x64 = Release|x64
		Release|x86 = Release|x86
	EndGlobalSection
	GlobalSection(ProjectConfigurationPlatforms) = postSolution
		{EEBF07C0-E0C3-4BDE-AAF0-DE61A918A89F}.Debug|ARM.ActiveCfg = Debug|ARM
		{EEBF07C0-E0C3-4BDE-AAF0-DE61A918A89F}.Debug|ARM.Build.0 = Debug|ARM
		{EEBF07C0-E0C3-4BDE-AAF0-DE61A918A89F}.Debug|ARM64.ActiveCfg = Debug|ARM64
		{EEBF07C0-E0C3-4BDE-AAF0-DE61A918A89F}.Debug|ARM64.Build.0 = Debug|ARM64
		{EEBF07C0-E0C3-4BDE-AAF0-DE61A918A89F}.Debug|x64.ActiveCfg = Debug|x64
		{EEBF07C0-E0C3-4BDE-AAF0-DE61A918A89F}.Debug|x64.Build.0 = Debug|x64
		{EEBF07C0-E0C3-4BDE-AAF0-DE61A918A89F}.Debug|x86.ActiveCfg = Debug|x86
		{EEBF07C0-E0C3-4BDE-AAF0-DE61A918A89F}.Debug|x86.Build.0 = Debug|x86
		{EEBF07C0-E0C3-4BDE-AAF0-DE61A918A89F}.Release|ARM.ActiveCfg = Release|x64
		{EEBF07C0-E0C3-4BDE-AAF0-DE61A918A89F}.Release|ARM.Build.0 = Release|x64
		{EEBF07C0-E0C3-4BDE-AAF0-DE61A918A89F}.Release|ARM64.ActiveCfg = Release|ARM64
		{EEBF07C0-E0C3-4BDE-AAF0-DE61A918A89F}.Release|ARM64.Build.0 = Release|ARM64
		{EEBF07C0-E0C3-4BDE-AAF0-DE61A918A89F}.Release|x64.ActiveCfg = Release|x64
		{EEBF07C0-E0C3-4BDE-AAF0-DE61A918A89F}.Release|x64.Build.0 = Release|x64
		{EEBF07C0-E0C3-4BDE-AAF0-DE61A918A89F}.Release|x86.ActiveCfg = Release|x86
		{EEBF07C0-E0C3-4BDE-AAF0-DE61A918A89F}.Release|x86.Build.0 = Release|x86
		{184444FF-3091-47AF-9E48-5D8081382881}.Debug|ARM.ActiveCfg = Debug|ARM
		{184444FF-3091-47AF-9E48-5D8081382881}.Debug|ARM.Build.0 = Debug|ARM
		{184444FF-3091-47AF-9E48-5D8081382881}.Debug|ARM64.ActiveCfg = Debug|ARM64
		{184444FF-3091-47AF-9E48-5D8081382881}.Debug|ARM64.Build.0 = Debug|ARM64
		{184444FF-3091-47AF-9E48-5D8081382881}.Debug|x64.ActiveCfg = Debug|x64
		{184444FF-3091-47AF-9E48-5D8081382881}.Debug|x64.Build.0 = Debug|x64
		{184444FF-3091-47AF-9E48-5D8081382881}.Debug|x86.ActiveCfg = Debug|x86
		{184444FF-3091-47AF-9E48-5D8081382881}.Debug|x86.Build.0 = Debug|x86
		{184444FF-3091-47AF-9E48-5D8081382881}.Release|ARM.ActiveCfg = Release|x64
		{184444FF-3091-47AF-9E48-5D8081382881}.Release|ARM.Build.0 = Release|x64
		{184444FF-3091-47AF-9E48-5D8081382881}.Release|ARM64.ActiveCfg = Release|ARM64
		{184444FF-3091-47AF-9E48-5D8081382881}.Release|ARM64.Build.0 = Release|ARM64
		{184444FF-3091-47AF-9E48-5D8081382881}.Release|x64.ActiveCfg = Release|x64
		{184444FF-3091-47AF-9E48-5D8081382881}.Release|x64.Build.0 = Release|x64
		{184444FF-3091-47AF-9E48-5D8081382881}.Release|x86.ActiveCfg = Release|x86
		{184444FF-3091-47AF-9E48-5D8081382881}.Release|x86.Build.0 = Release|x86
		{4D049E6A-8806-49DD-AA69-F5F48256F93E}.Debug|ARM.ActiveCfg = Debug|Win32
		{4D049E6A-8806-49DD-AA69-F5F48256F93E}.Debug|ARM64.ActiveCfg = Debug|Win32
		{4D049E6A-8806-49DD-AA69-F5F48256F93E}.Debug|x64.ActiveCfg = Debug|x64
		{4D049E6A-8806-49DD-AA69-F5F48256F93E}.Debug|x64.Build.0 = Debug|x64
		{4D049E6A-8806-49DD-AA69-F5F48256F93E}.Debug|x86.ActiveCfg = Debug|Win32
		{4D049E6A-8806-49DD-AA69-F5F48256F93E}.Debug|x86.Build.0 = Debug|Win32
		{4D049E6A-8806-49DD-AA69-F5F48256F93E}.Release|ARM.ActiveCfg = Release|Win32
		{4D049E6A-8806-49DD-AA69-F5F48256F93E}.Release|ARM64.ActiveCfg = Release|Win32
		{4D049E6A-8806-49DD-AA69-F5F48256F93E}.Release|x64.ActiveCfg = Release|x64
		{4D049E6A-8806-49DD-AA69-F5F48256F93E}.Release|x64.Build.0 = Release|x64
		{4D049E6A-8806-49DD-AA69-F5F48256F93E}.Release|x86.ActiveCfg = Release|Win32
		{4D049E6A-8806-49DD-AA69-F5F48256F93E}.Release|x86.Build.0 = Release|Win32
		{DDB43888-188E-4173-9EA8-19CE76015B52}.Debug|ARM.ActiveCfg = Debug|Win32
		{DDB43888-188E-4173-9EA8-19CE76015B52}.Debug|ARM64.ActiveCfg = Debug|Win32
		{DDB43888-188E-4173-9EA8-19CE76015B52}.Debug|x64.ActiveCfg = Debug|x64
		{DDB43888-188E-4173-9EA8-19CE76015B52}.Debug|x64.Build.0 = Debug|x64
		{DDB43888-188E-4173-9EA8-19CE76015B52}.Debug|x86.ActiveCfg = Debug|Win32
		{DDB43888-188E-4173-9EA8-19CE76015B52}.Debug|x86.Build.0 = Debug|Win32
		{DDB43888-188E-4173-9EA8-19CE76015B52}.Release|ARM.ActiveCfg = Release|Win32
		{DDB43888-188E-4173-9EA8-19CE76015B52}.Release|ARM64.ActiveCfg = Release|Win32
		{DDB43888-188E-4173-9EA8-19CE76015B52}.Release|x64.ActiveCfg = Release|x64
		{DDB43888-188E-4173-9EA8-19CE76015B52}.Release|x64.Build.0 = Release|x64
		{DDB43888-188E-4173-9EA8-19CE76015B52}.Release|x86.ActiveCfg = Release|Win32
		{DDB43888-188E-4173-9EA8-19CE76015B52}.Release|x86.Build.0 = Release|Win32
	EndGlobalSection
	GlobalSection(SolutionProperties) = preSolution
		HideSolutionNode = FALSE
	EndGlobalSection
	GlobalSection(ExtensibilityGlobals) = postSolution
		SolutionGuid = {9A2AA159-33FB-4566-B6C6-786195FAC5D2}
	EndGlobalSection
EndGlobal
